
Microsoft Visual Studio Solution File, Format Version 12.00
# Visual Studio Version 17
VisualStudioVersion = 17.0.31903.59
MinimumVisualStudioVersion = 10.0.40219.1
Project("{9A19103F-16F7-4668-BE54-9A1E7A4F7556}") = "Belp.SDK.PackOnly", "src\Belp.SDK.PackOnly\Belp.SDK.PackOnly.csproj", "{1FF8DCAA-6FA6-4869-853C-A9E257AB1E51}"
EndProject
Global
	GlobalSection(SolutionConfigurationPlatforms) = preSolution
		Release|Any CPU = Release|Any CPU
	EndGlobalSection
	GlobalSection(ProjectConfigurationPlatforms) = postSolution
		{1FF8DCAA-6FA6-4869-853C-A9E257AB1E51}.Release|Any CPU.ActiveCfg = Release|Any CPU
		{1FF8DCAA-6FA6-4869-853C-A9E257AB1E51}.Release|Any CPU.Build.0 = Release|Any CPU
	EndGlobalSection
	GlobalSection(SolutionProperties) = preSolution
		HideSolutionNode = FALSE
	EndGlobalSection
	GlobalSection(ExtensibilityGlobals) = postSolution
		SolutionGuid = {1A9E1E9D-BC7F-4BF8-AEDD-31BFE16C8CA0}
	EndGlobalSection
EndGlobal
